dependencies:
- name: api
  repository: file://charts/api
  version: 0.1.0
- name: ui
  repository: file://charts/ui
  version: 0.1.0
- name: postgresql
  repository: https://charts.bitnami.com/bitnami
  version: 15.5.20
digest: sha256:2802d0ea885f875659336790405746961c6c7a15a6d1f6bd19fd1e32c63344a5
generated: "2026-04-14T10:48:35.2556366+07:00"
